
Microsoft Visual Studio Solution File, Format Version 12.00
# Visual Studio 15
VisualStudioVersion = 15.0.26730.12
MinimumVisualStudioVersion = 10.0.40219.1
Project("{A07B5EB6-E848-4116-A8D0-A826331D98C6}") = "Quota", "Quota\Quota.sfproj", "{08D3641C-77CC-4ACE-9207-113EC6D45D0C}"
EndProject
Project("{9A19103F-16F7-4668-BE54-9A1E7A4F7556}") = "CurrencyService", "CurrencyService\CurrencyService.csproj", "{F3526512-0C8F-4BCE-8811-084F5AB07446}"
EndProject
Project("{FAE04EC0-301F-11D3-BF4B-00C04F79EFBC}") = "Quota.Integration.Test", "Quota.Integration.Test\Quota.Integration.Test.csproj", "{4BFC3ADB-1C2C-4D5B-AD40-9F6761355E59}"
EndProject
Project("{9A19103F-16F7-4668-BE54-9A1E7A4F7556}") = "Quota.Gateway", "Quota.Gateway\Quota.Gateway.csproj", "{9F4B3524-5D5C-4C60-A42A-298D1086DDFC}"
EndProject
Project("{2150E333-8FDC-42A3-9474-1A3956D46DE8}") = "Currency", "Currency", "{C6037730-16B7-40A7-8171-120A72139FA3}"
EndProject
Project("{FAE04EC0-301F-11D3-BF4B-00C04F79EFBC}") = "CurrencyService.Test", "CurrencyService.Test\CurrencyService.Test.csproj", "{D82C0FF0-6988-48BF-8AB0-F9A909930618}"
EndProject
Project("{2150E333-8FDC-42A3-9474-1A3956D46DE8}") = "Common", "Common", "{60A08B32-A946-4893-A384-5B9415EEAA39}"
EndProject
Project("{FAE04EC0-301F-11D3-BF4B-00C04F79EFBC}") = "Quota.Common", "Quota.Common\Quota.Common.csproj", "{9C261F00-D552-42C0-9B11-E73FC24A232F}"
EndProject
Project("{2150E333-8FDC-42A3-9474-1A3956D46DE8}") = "Quotation", "Quotation", "{71ABD590-0E06-44DF-AAA3-5273D2B62351}"
EndProject
Project("{9A19103F-16F7-4668-BE54-9A1E7A4F7556}") = "QuotationService", "QuotationService\QuotationService.csproj", "{EFD4AF1D-ED6C-49D6-8BED-D3880DD4B7BA}"
EndProject
Project("{FAE04EC0-301F-11D3-BF4B-00C04F79EFBC}") = "QuotationService.Test", "QuotationService.Test\QuotationService.Test.csproj", "{E6D5BD1D-72E1-4E70-8CD4-FE7FBB733529}"
EndProject
Project("{FAE04EC0-301F-11D3-BF4B-00C04F79EFBC}") = "Quota.CommonUtils", "Quota.CommonUtils\Quota.CommonUtils.csproj", "{A6AFA0F9-E249-4175-8336-B5CA05A88145}"
EndProject
Global
	GlobalSection(SolutionConfigurationPlatforms) = preSolution
		Debug|Any CPU = Debug|Any CPU
		Debug|x64 = Debug|x64
		Release|Any CPU = Release|Any CPU
		Release|x64 = Release|x64
	EndGlobalSection
	GlobalSection(ProjectConfigurationPlatforms) = postSolution
		{08D3641C-77CC-4ACE-9207-113EC6D45D0C}.Debug|Any CPU.ActiveCfg = Debug|x64
		{08D3641C-77CC-4ACE-9207-113EC6D45D0C}.Debug|x64.ActiveCfg = Debug|x64
		{08D3641C-77CC-4ACE-9207-113EC6D45D0C}.Debug|x64.Build.0 = Debug|x64
		{08D3641C-77CC-4ACE-9207-113EC6D45D0C}.Debug|x64.Deploy.0 = Debug|x64
		{08D3641C-77CC-4ACE-9207-113EC6D45D0C}.Release|Any CPU.ActiveCfg = Release|x64
		{08D3641C-77CC-4ACE-9207-113EC6D45D0C}.Release|x64.ActiveCfg = Release|x64
		{08D3641C-77CC-4ACE-9207-113EC6D45D0C}.Release|x64.Build.0 = Release|x64
		{08D3641C-77CC-4ACE-9207-113EC6D45D0C}.Release|x64.Deploy.0 = Release|x64
		{F3526512-0C8F-4BCE-8811-084F5AB07446}.Debug|Any CPU.ActiveCfg = Debug|Any CPU
		{F3526512-0C8F-4BCE-8811-084F5AB07446}.Debug|Any CPU.Build.0 = Debug|Any CPU
		{F3526512-0C8F-4BCE-8811-084F5AB07446}.Debug|x64.ActiveCfg = Debug|x64
		{F3526512-0C8F-4BCE-8811-084F5AB07446}.Debug|x64.Build.0 = Debug|x64
		{F3526512-0C8F-4BCE-8811-084F5AB07446}.Release|Any CPU.ActiveCfg = Release|Any CPU
		{F3526512-0C8F-4BCE-8811-084F5AB07446}.Release|Any CPU.Build.0 = Release|Any CPU
		{F3526512-0C8F-4BCE-8811-084F5AB07446}.Release|x64.ActiveCfg = Release|Any CPU
		{F3526512-0C8F-4BCE-8811-084F5AB07446}.Release|x64.Build.0 = Release|Any CPU
		{4BFC3ADB-1C2C-4D5B-AD40-9F6761355E59}.Debug|Any CPU.ActiveCfg = Debug|Any CPU
		{4BFC3ADB-1C2C-4D5B-AD40-9F6761355E59}.Debug|Any CPU.Build.0 = Debug|Any CPU
		{4BFC3ADB-1C2C-4D5B-AD40-9F6761355E59}.Debug|x64.ActiveCfg = Debug|x64
		{4BFC3ADB-1C2C-4D5B-AD40-9F6761355E59}.Debug|x64.Build.0 = Debug|x64
		{4BFC3ADB-1C2C-4D5B-AD40-9F6761355E59}.Release|Any CPU.ActiveCfg = Release|Any CPU
		{4BFC3ADB-1C2C-4D5B-AD40-9F6761355E59}.Release|Any CPU.Build.0 = Release|Any CPU
		{4BFC3ADB-1C2C-4D5B-AD40-9F6761355E59}.Release|x64.ActiveCfg = Release|Any CPU
		{4BFC3ADB-1C2C-4D5B-AD40-9F6761355E59}.Release|x64.Build.0 = Release|Any CPU
		{9F4B3524-5D5C-4C60-A42A-298D1086DDFC}.Debug|Any CPU.ActiveCfg = Debug|Any CPU
		{9F4B3524-5D5C-4C60-A42A-298D1086DDFC}.Debug|Any CPU.Build.0 = Debug|Any CPU
		{9F4B3524-5D5C-4C60-A42A-298D1086DDFC}.Debug|x64.ActiveCfg = Debug|x64
		{9F4B3524-5D5C-4C60-A42A-298D1086DDFC}.Debug|x64.Build.0 = Debug|x64
		{9F4B3524-5D5C-4C60-A42A-298D1086DDFC}.Release|Any CPU.ActiveCfg = Release|Any CPU
		{9F4B3524-5D5C-4C60-A42A-298D1086DDFC}.Release|Any CPU.Build.0 = Release|Any CPU
		{9F4B3524-5D5C-4C60-A42A-298D1086DDFC}.Release|x64.ActiveCfg = Release|Any CPU
		{9F4B3524-5D5C-4C60-A42A-298D1086DDFC}.Release|x64.Build.0 = Release|Any CPU
		{D82C0FF0-6988-48BF-8AB0-F9A909930618}.Debug|Any CPU.ActiveCfg = Debug|Any CPU
		{D82C0FF0-6988-48BF-8AB0-F9A909930618}.Debug|Any CPU.Build.0 = Debug|Any CPU
		{D82C0FF0-6988-48BF-8AB0-F9A909930618}.Debug|x64.ActiveCfg = Debug|x64
		{D82C0FF0-6988-48BF-8AB0-F9A909930618}.Debug|x64.Build.0 = Debug|x64
		{D82C0FF0-6988-48BF-8AB0-F9A909930618}.Release|Any CPU.ActiveCfg = Release|Any CPU
		{D82C0FF0-6988-48BF-8AB0-F9A909930618}.Release|Any CPU.Build.0 = Release|Any CPU
		{D82C0FF0-6988-48BF-8AB0-F9A909930618}.Release|x64.ActiveCfg = Release|Any CPU
		{D82C0FF0-6988-48BF-8AB0-F9A909930618}.Release|x64.Build.0 = Release|Any CPU
		{9C261F00-D552-42C0-9B11-E73FC24A232F}.Debug|Any CPU.ActiveCfg = Debug|Any CPU
		{9C261F00-D552-42C0-9B11-E73FC24A232F}.Debug|Any CPU.Build.0 = Debug|Any CPU
		{9C261F00-D552-42C0-9B11-E73FC24A232F}.Debug|x64.ActiveCfg = Debug|x64
		{9C261F00-D552-42C0-9B11-E73FC24A232F}.Debug|x64.Build.0 = Debug|x64
		{9C261F00-D552-42C0-9B11-E73FC24A232F}.Release|Any CPU.ActiveCfg = Release|Any CPU
		{9C261F00-D552-42C0-9B11-E73FC24A232F}.Release|Any CPU.Build.0 = Release|Any CPU
		{9C261F00-D552-42C0-9B11-E73FC24A232F}.Release|x64.ActiveCfg = Release|Any CPU
		{9C261F00-D552-42C0-9B11-E73FC24A232F}.Release|x64.Build.0 = Release|Any CPU
		{EFD4AF1D-ED6C-49D6-8BED-D3880DD4B7BA}.Debug|Any CPU.ActiveCfg = Debug|Any CPU
		{EFD4AF1D-ED6C-49D6-8BED-D3880DD4B7BA}.Debug|Any CPU.Build.0 = Debug|Any CPU
		{EFD4AF1D-ED6C-49D6-8BED-D3880DD4B7BA}.Debug|x64.ActiveCfg = Debug|x64
		{EFD4AF1D-ED6C-49D6-8BED-D3880DD4B7BA}.Debug|x64.Build.0 = Debug|x64
		{EFD4AF1D-ED6C-49D6-8BED-D3880DD4B7BA}.Release|Any CPU.ActiveCfg = Release|Any CPU
		{EFD4AF1D-ED6C-49D6-8BED-D3880DD4B7BA}.Release|Any CPU.Build.0 = Release|Any CPU
		{EFD4AF1D-ED6C-49D6-8BED-D3880DD4B7BA}.Release|x64.ActiveCfg = Release|Any CPU
		{EFD4AF1D-ED6C-49D6-8BED-D3880DD4B7BA}.Release|x64.Build.0 = Release|Any CPU
		{E6D5BD1D-72E1-4E70-8CD4-FE7FBB733529}.Debug|Any CPU.ActiveCfg = Debug|Any CPU
		{E6D5BD1D-72E1-4E70-8CD4-FE7FBB733529}.Debug|Any CPU.Build.0 = Debug|Any CPU
		{E6D5BD1D-72E1-4E70-8CD4-FE7FBB733529}.Debug|x64.ActiveCfg = Debug|x64
		{E6D5BD1D-72E1-4E70-8CD4-FE7FBB733529}.Debug|x64.Build.0 = Debug|x64
		{E6D5BD1D-72E1-4E70-8CD4-FE7FBB733529}.Release|Any CPU.ActiveCfg = Release|Any CPU
		{E6D5BD1D-72E1-4E70-8CD4-FE7FBB733529}.Release|Any CPU.Build.0 = Release|Any CPU
		{E6D5BD1D-72E1-4E70-8CD4-FE7FBB733529}.Release|x64.ActiveCfg = Release|Any CPU
		{E6D5BD1D-72E1-4E70-8CD4-FE7FBB733529}.Release|x64.Build.0 = Release|Any CPU
		{A6AFA0F9-E249-4175-8336-B5CA05A88145}.Debug|Any CPU.ActiveCfg = Debug|Any CPU
		{A6AFA0F9-E249-4175-8336-B5CA05A88145}.Debug|Any CPU.Build.0 = Debug|Any CPU
		{A6AFA0F9-E249-4175-8336-B5CA05A88145}.Debug|x64.ActiveCfg = Debug|Any CPU
		{A6AFA0F9-E249-4175-8336-B5CA05A88145}.Debug|x64.Build.0 = Debug|Any CPU
		{A6AFA0F9-E249-4175-8336-B5CA05A88145}.Release|Any CPU.ActiveCfg = Release|Any CPU
		{A6AFA0F9-E249-4175-8336-B5CA05A88145}.Release|Any CPU.Build.0 = Release|Any CPU
		{A6AFA0F9-E249-4175-8336-B5CA05A88145}.Release|x64.ActiveCfg = Release|Any CPU
		{A6AFA0F9-E249-4175-8336-B5CA05A88145}.Release|x64.Build.0 = Release|Any CPU
	EndGlobalSection
	GlobalSection(SolutionProperties) = preSolution
		HideSolutionNode = FALSE
	EndGlobalSection
	GlobalSection(NestedProjects) = preSolution
		{F3526512-0C8F-4BCE-8811-084F5AB07446} = {C6037730-16B7-40A7-8171-120A72139FA3}
		{D82C0FF0-6988-48BF-8AB0-F9A909930618} = {C6037730-16B7-40A7-8171-120A72139FA3}
		{9C261F00-D552-42C0-9B11-E73FC24A232F} = {60A08B32-A946-4893-A384-5B9415EEAA39}
		{EFD4AF1D-ED6C-49D6-8BED-D3880DD4B7BA} = {71ABD590-0E06-44DF-AAA3-5273D2B62351}
		{E6D5BD1D-72E1-4E70-8CD4-FE7FBB733529} = {71ABD590-0E06-44DF-AAA3-5273D2B62351}
		{A6AFA0F9-E249-4175-8336-B5CA05A88145} = {60A08B32-A946-4893-A384-5B9415EEAA39}
	EndGlobalSection
	GlobalSection(ExtensibilityGlobals) = postSolution
		SolutionGuid = {6365D981-6147-4470-AD91-52B4FA3B3E2F}
	EndGlobalSection
EndGlobal
