
Microsoft Visual Studio Solution File, Format Version 12.00
# Visual Studio 15
VisualStudioVersion = 15.0.26730.12
MinimumVisualStudioVersion = 10.0.40219.1
Project("{A07B5EB6-E848-4116-A8D0-A826331D98C6}") = "Quota", "Quota\Quota.sfproj", "{B8BCB84B-2958-42CD-8896-B3F98C277EBB}"
EndProject
Project("{FAE04EC0-301F-11D3-BF4B-00C04F79EFBC}") = "CurrencyService", "CurrencyService\CurrencyService.csproj", "{E491FB58-5772-4052-9E2B-A4A77BD8C290}"
EndProject
Global
	GlobalSection(SolutionConfigurationPlatforms) = preSolution
		Debug|Any CPU = Debug|Any CPU
		Debug|x64 = Debug|x64
		Release|Any CPU = Release|Any CPU
		Release|x64 = Release|x64
	EndGlobalSection
	GlobalSection(ProjectConfigurationPlatforms) = postSolution
		{B8BCB84B-2958-42CD-8896-B3F98C277EBB}.Debug|Any CPU.ActiveCfg = Debug|x64
		{B8BCB84B-2958-42CD-8896-B3F98C277EBB}.Debug|x64.ActiveCfg = Debug|x64
		{B8BCB84B-2958-42CD-8896-B3F98C277EBB}.Debug|x64.Build.0 = Debug|x64
		{B8BCB84B-2958-42CD-8896-B3F98C277EBB}.Debug|x64.Deploy.0 = Debug|x64
		{B8BCB84B-2958-42CD-8896-B3F98C277EBB}.Release|Any CPU.ActiveCfg = Release|x64
		{B8BCB84B-2958-42CD-8896-B3F98C277EBB}.Release|x64.ActiveCfg = Release|x64
		{B8BCB84B-2958-42CD-8896-B3F98C277EBB}.Release|x64.Build.0 = Release|x64
		{B8BCB84B-2958-42CD-8896-B3F98C277EBB}.Release|x64.Deploy.0 = Release|x64
		{E491FB58-5772-4052-9E2B-A4A77BD8C290}.Debug|Any CPU.ActiveCfg = Debug|Any CPU
		{E491FB58-5772-4052-9E2B-A4A77BD8C290}.Debug|Any CPU.Build.0 = Debug|Any CPU
		{E491FB58-5772-4052-9E2B-A4A77BD8C290}.Debug|x64.ActiveCfg = Debug|Any CPU
		{E491FB58-5772-4052-9E2B-A4A77BD8C290}.Debug|x64.Build.0 = Debug|Any CPU
		{E491FB58-5772-4052-9E2B-A4A77BD8C290}.Release|Any CPU.ActiveCfg = Release|Any CPU
		{E491FB58-5772-4052-9E2B-A4A77BD8C290}.Release|Any CPU.Build.0 = Release|Any CPU
		{E491FB58-5772-4052-9E2B-A4A77BD8C290}.Release|x64.ActiveCfg = Release|Any CPU
		{E491FB58-5772-4052-9E2B-A4A77BD8C290}.Release|x64.Build.0 = Release|Any CPU
	EndGlobalSection
	GlobalSection(SolutionProperties) = preSolution
		HideSolutionNode = FALSE
	EndGlobalSection
	GlobalSection(ExtensibilityGlobals) = postSolution
		SolutionGuid = {E71B4497-EE43-4678-8EB8-B486BF7B7E1F}
	EndGlobalSection
EndGlobal
